// !$*UTF8*$!
{
	archiveVersion = 1;
	classes = {
	};
	objectVersion = 50;
	objects = {

/* Begin PBXBuildFile section */
		4953519323BE176400E26398 /* AppDelegate.swift in Sources */ = {isa = PBXBuildFile; fileRef = 4953519223BE176400E26398 /* AppDelegate.swift */; };
		4953519523BE176400E26398 /* ViewController.swift in Sources */ = {isa = PBXBuildFile; fileRef = 4953519423BE176400E26398 /* ViewController.swift */; };
		4953519723BE176500E26398 /* Assets.xcassets in Resources */ = {isa = PBXBuildFile; fileRef = 4953519623BE176500E26398 /* Assets.xcassets */; };
		4953519A23BE176500E26398 /* Main.storyboard in Resources */ = {isa = PBXBuildFile; fileRef = 4953519823BE176500E26398 /* Main.storyboard */; };
		4953695723BE213400057ECD /* ROGDevice.swift in Sources */ = {isa = PBXBuildFile; fileRef = 4953695423BE213400057ECD /* ROGDevice.swift */; };
		4953695823BE213400057ECD /* USBDeviceMonitor.swift in Sources */ = {isa = PBXBuildFile; fileRef = 4953695523BE213400057ECD /* USBDeviceMonitor.swift */; };
		4953695923BE213400057ECD /* USBDevice.swift in Sources */ = {isa = PBXBuildFile; fileRef = 4953695623BE213400057ECD /* USBDevice.swift */; };
		49BCE0EE23BE593E00152227 /* Product.plist in Resources */ = {isa = PBXBuildFile; fileRef = 49BCE0ED23BE593E00152227 /* Product.plist */; };
/* End PBXBuildFile section */

/* Begin PBXFileReference section */
		4953518F23BE176400E26398 /* macAura.app */ = {isa = PBXFileReference; explicitFileType = wrapper.application; includeInIndex = 0; path = macAura.app; sourceTree = BUILT_PRODUCTS_DIR; };
		4953519223BE176400E26398 /* AppDelegate.swift */ = {isa = PBXFileReference; lastKnownFileType = sourcecode.swift; path = AppDelegate.swift; sourceTree = "<group>"; };
		4953519423BE176400E26398 /* ViewController.swift */ = {isa = PBXFileReference; lastKnownFileType = sourcecode.swift; path = ViewController.swift; sourceTree = "<group>"; };
		4953519623BE176500E26398 /* Assets.xcassets */ = {isa = PBXFileReference; lastKnownFileType = folder.assetcatalog; path = Assets.xcassets; sourceTree = "<group>"; };
		4953519923BE176500E26398 /* Base */ = {isa = PBXFileReference; lastKnownFileType = file.storyboard; name = Base; path = Base.lproj/Main.storyboard; sourceTree = "<group>"; };
		4953519B23BE176500E26398 /* Info.plist */ = {isa = PBXFileReference; lastKnownFileType = text.plist.xml; path = Info.plist; sourceTree = "<group>"; };
		4953519C23BE176500E26398 /* macAura.entitlements */ = {isa = PBXFileReference; lastKnownFileType = text.plist.entitlements; path = macAura.entitlements; sourceTree = "<group>"; };
		4953695423BE213400057ECD /* ROGDevice.swift */ = {isa = PBXFileReference; fileEncoding = 4; lastKnownFileType = sourcecode.swift; path = ROGDevice.swift; sourceTree = "<group>"; };
		4953695523BE213400057ECD /* USBDeviceMonitor.swift */ = {isa = PBXFileReference; fileEncoding = 4; lastKnownFileType = sourcecode.swift; path = USBDeviceMonitor.swift; sourceTree = "<group>"; };
		4953695623BE213400057ECD /* USBDevice.swift */ = {isa = PBXFileReference; fileEncoding = 4; lastKnownFileType = sourcecode.swift; path = USBDevice.swift; sourceTree = "<group>"; };
		49BCE0ED23BE593E00152227 /* Product.plist */ = {isa = PBXFileReference; fileEncoding = 4; lastKnownFileType = text.plist.xml; path = Product.plist; sourceTree = "<group>"; };
/* End PBXFileReference section */

/* Begin PBXFrameworksBuildPhase section */
		4953518C23BE176400E26398 /* Frameworks */ = {
			isa = PBXFrameworksBuildPhase;
			buildActionMask = 2147483647;
			files = (
			);
			runOnlyForDeploymentPostprocessing = 0;
		};
/* End PBXFrameworksBuildPhase section */

/* Begin PBXGroup section */
		4953518623BE176400E26398 = {
			isa = PBXGroup;
			children = (
				4953519123BE176400E26398 /* macAura */,
				4953519023BE176400E26398 /* Products */,
			);
			sourceTree = "<group>";
		};
		4953519023BE176400E26398 /* Products */ = {
			isa = PBXGroup;
			children = (
				4953518F23BE176400E26398 /* macAura.app */,
			);
			name = Products;
			sourceTree = "<group>";
		};
		4953519123BE176400E26398 /* macAura */ = {
			isa = PBXGroup;
			children = (
				4953519223BE176400E26398 /* AppDelegate.swift */,
				4953519423BE176400E26398 /* ViewController.swift */,
				4953695423BE213400057ECD /* ROGDevice.swift */,
				4953695623BE213400057ECD /* USBDevice.swift */,
				4953695523BE213400057ECD /* USBDeviceMonitor.swift */,
				4953519623BE176500E26398 /* Assets.xcassets */,
				4953519823BE176500E26398 /* Main.storyboard */,
				4953519B23BE176500E26398 /* Info.plist */,
				49BCE0ED23BE593E00152227 /* Product.plist */,
				4953519C23BE176500E26398 /* macAura.entitlements */,
			);
			path = macAura;
			sourceTree = "<group>";
		};
/* End PBXGroup section */

/* Begin PBXNativeTarget section */
		4953518E23BE176400E26398 /* macAura */ = {
			isa = PBXNativeTarget;
			buildConfigurationList = 4953519F23BE176500E26398 /* Build configuration list for PBXNativeTarget "macAura" */;
			buildPhases = (
				4953518B23BE176400E26398 /* Sources */,
				4953518C23BE176400E26398 /* Frameworks */,
				4953518D23BE176400E26398 /* Resources */,
			);
			buildRules = (
			);
			dependencies = (
			);
			name = macAura;
			productName = macAura;
			productReference = 4953518F23BE176400E26398 /* macAura.app */;
			productType = "com.apple.product-type.application";
		};
/* End PBXNativeTarget section */

/* Begin PBXProject section */
		4953518723BE176400E26398 /* Project object */ = {
			isa = PBXProject;
			attributes = {
				LastSwiftUpdateCheck = 1010;
				LastUpgradeCheck = 1010;
				ORGANIZATIONNAME = marc;
				TargetAttributes = {
					4953518E23BE176400E26398 = {
						CreatedOnToolsVersion = 10.1;
						SystemCapabilities = {
							com.apple.Sandbox = {
								enabled = 1;
							};
						};
					};
				};
			};
			buildConfigurationList = 4953518A23BE176400E26398 /* Build configuration list for PBXProject "macAura" */;
			compatibilityVersion = "Xcode 9.3";
			developmentRegion = en;
			hasScannedForEncodings = 0;
			knownRegions = (
				en,
				Base,
			);
			mainGroup = 4953518623BE176400E26398;
			productRefGroup = 4953519023BE176400E26398 /* Products */;
			projectDirPath = "";
			projectRoot = "";
			targets = (
				4953518E23BE176400E26398 /* macAura */,
			);
		};
/* End PBXProject section */

/* Begin PBXResourcesBuildPhase section */
		4953518D23BE176400E26398 /* Resources */ = {
			isa = PBXResourcesBuildPhase;
			buildActionMask = 2147483647;
			files = (
				4953519723BE176500E26398 /* Assets.xcassets in Resources */,
				4953519A23BE176500E26398 /* Main.storyboard in Resources */,
				49BCE0EE23BE593E00152227 /* Product.plist in Resources */,
			);
			runOnlyForDeploymentPostprocessing = 0;
		};
/* End PBXResourcesBuildPhase section */

/* Begin PBXSourcesBuildPhase section */
		4953518B23BE176400E26398 /* Sources */ = {
			isa = PBXSourcesBuildPhase;
			buildActionMask = 2147483647;
			files = (
				4953519523BE176400E26398 /* ViewController.swift in Sources */,
				4953695923BE213400057ECD /* USBDevice.swift in Sources */,
				4953519323BE176400E26398 /* AppDelegate.swift in Sources */,
				4953695723BE213400057ECD /* ROGDevice.swift in Sources */,
				4953695823BE213400057ECD /* USBDeviceMonitor.swift in Sources */,
			);
			runOnlyForDeploymentPostprocessing = 0;
		};
/* End PBXSourcesBuildPhase section */

/* Begin PBXVariantGroup section */
		4953519823BE176500E26398 /* Main.storyboard */ = {
			isa = PBXVariantGroup;
			children = (
				4953519923BE176500E26398 /* Base */,
			);
			name = Main.storyboard;
			sourceTree = "<group>";
		};
/* End PBXVariantGroup section */

/* Begin XCBuildConfiguration section */
		4953519D23BE176500E26398 /* Debug */ = {
			isa = XCBuildConfiguration;
			buildSettings = {
				ALWAYS_SEARCH_USER_PATHS = NO;
				CLANG_ANALYZER_NONNULL = YES;
				CLANG_ANALYZER_NUMBER_OBJECT_CONVERSION = YES_AGGRESSIVE;
				CLANG_CXX_LANGUAGE_STANDARD = "gnu++14";
				CLANG_CXX_LIBRARY = "libc++";
				CLANG_ENABLE_MODULES = YES;
				CLANG_ENABLE_OBJC_ARC = YES;
				CLANG_ENABLE_OBJC_WEAK = YES;
				CLANG_WARN_BLOCK_CAPTURE_AUTORELEASING = YES;
				CLANG_WARN_BOOL_CONVERSION = YES;
				CLANG_WARN_COMMA = YES;
				CLANG_WARN_CONSTANT_CONVERSION = YES;
				CLANG_WARN_DEPRECATED_OBJC_IMPLEMENTATIONS = YES;
				CLANG_WARN_DIRECT_OBJC_ISA_USAGE = YES_ERROR;
				CLANG_WARN_DOCUMENTATION_COMMENTS = YES;
				CLANG_WARN_EMPTY_BODY = YES;
				CLANG_WARN_ENUM_CONVERSION = YES;
				CLANG_WARN_INFINITE_RECURSION = YES;
				CLANG_WARN_INT_CONVERSION = YES;
				CLANG_WARN_NON_LITERAL_NULL_CONVERSION = YES;
				CLANG_WARN_OBJC_IMPLICIT_RETAIN_SELF = YES;
				CLANG_WARN_OBJC_LITERAL_CONVERSION = YES;
				CLANG_WARN_OBJC_ROOT_CLASS = YES_ERROR;
				CLANG_WARN_RANGE_LOOP_ANALYSIS = YES;
				CLANG_WARN_STRICT_PROTOTYPES = YES;
				CLANG_WARN_SUSPICIOUS_MOVE = YES;
				CLANG_WARN_UNGUARDED_AVAILABILITY = YES_AGGRESSIVE;
				CLANG_WARN_UNREACHABLE_CODE = YES;
				CLANG_WARN__DUPLICATE_METHOD_MATCH = YES;
				CODE_SIGN_IDENTITY = "-";
				COPY_PHASE_STRIP = NO;
				DEBUG_INFORMATION_FORMAT = dwarf;
				ENABLE_STRICT_OBJC_MSGSEND = YES;
				ENABLE_TESTABILITY = YES;
				GCC_C_LANGUAGE_STANDARD = gnu11;
				GCC_DYNAMIC_NO_PIC = NO;
				GCC_NO_COMMON_BLOCKS = YES;
				GCC_OPTIMIZATION_LEVEL = 0;
				GCC_PREPROCESSOR_DEFINITIONS = (
					"DEBUG=1",
					"$(inherited)",
				);
				GCC_WARN_64_TO_32_BIT_CONVERSION = YES;
				GCC_WARN_ABOUT_RETURN_TYPE = YES_ERROR;
				GCC_WARN_UNDECLARED_SELECTOR = YES;
				GCC_WARN_UNINITIALIZED_AUTOS = YES_AGGRESSIVE;
				GCC_WARN_UNUSED_FUNCTION = YES;
				GCC_WARN_UNUSED_VARIABLE = YES;
				MACOSX_DEPLOYMENT_TARGET = 10.14;
				MTL_ENABLE_DEBUG_INFO = INCLUDE_SOURCE;
				MTL_FAST_MATH = YES;
				ONLY_ACTIVE_ARCH = YES;
				SDKROOT = macosx;
				SWIFT_ACTIVE_COMPILATION_CONDITIONS = DEBUG;
				SWIFT_OPTIMIZATION_LEVEL = "-Onone";
			};
			name = Debug;
		};
		4953519E23BE176500E26398 /* Release */ = {
			isa = XCBuildConfiguration;
			buildSettings = {
				ALWAYS_SEARCH_USER_PATHS = NO;
				CLANG_ANALYZER_NONNULL = YES;
				CLANG_ANALYZER_NUMBER_OBJECT_CONVERSION = YES_AGGRESSIVE;
				CLANG_CXX_LANGUAGE_STANDARD = "gnu++14";
				CLANG_CXX_LIBRARY = "libc++";
				CLANG_ENABLE_MODULES = YES;
				CLANG_ENABLE_OBJC_ARC = YES;
				CLANG_ENABLE_OBJC_WEAK = YES;
				CLANG_WARN_BLOCK_CAPTURE_AUTORELEASING = YES;
				CLANG_WARN_BOOL_CONVERSION = YES;
				CLANG_WARN_COMMA = YES;
				CLANG_WARN_CONSTANT_CONVERSION = YES;
				CLANG_WARN_DEPRECATED_OBJC_IMPLEMENTATIONS = YES;
				CLANG_WARN_DIRECT_OBJC_ISA_USAGE = YES_ERROR;
				CLANG_WARN_DOCUMENTATION_COMMENTS = YES;
				CLANG_WARN_EMPTY_BODY = YES;
				CLANG_WARN_ENUM_CONVERSION = YES;
				CLANG_WARN_INFINITE_RECURSION = YES;
				CLANG_WARN_INT_CONVERSION = YES;
				CLANG_WARN_NON_LITERAL_NULL_CONVERSION = YES;
				CLANG_WARN_OBJC_IMPLICIT_RETAIN_SELF = YES;
				CLANG_WARN_OBJC_LITERAL_CONVERSION = YES;
				CLANG_WARN_OBJC_ROOT_CLASS = YES_ERROR;
				CLANG_WARN_RANGE_LOOP_ANALYSIS = YES;
				CLANG_WARN_STRICT_PROTOTYPES = YES;
				CLANG_WARN_SUSPICIOUS_MOVE = YES;
				CLANG_WARN_UNGUARDED_AVAILABILITY = YES_AGGRESSIVE;
				CLANG_WARN_UNREACHABLE_CODE = YES;
				CLANG_WARN__DUPLICATE_METHOD_MATCH = YES;
				CODE_SIGN_IDENTITY = "-";
				COPY_PHASE_STRIP = NO;
				DEBUG_INFORMATION_FORMAT = "dwarf-with-dsym";
				ENABLE_NS_ASSERTIONS = NO;
				ENABLE_STRICT_OBJC_MSGSEND = YES;
				GCC_C_LANGUAGE_STANDARD = gnu11;
				GCC_NO_COMMON_BLOCKS = YES;
				GCC_WARN_64_TO_32_BIT_CONVERSION = YES;
				GCC_WARN_ABOUT_RETURN_TYPE = YES_ERROR;
				GCC_WARN_UNDECLARED_SELECTOR = YES;
				GCC_WARN_UNINITIALIZED_AUTOS = YES_AGGRESSIVE;
				GCC_WARN_UNUSED_FUNCTION = YES;
				GCC_WARN_UNUSED_VARIABLE = YES;
				MACOSX_DEPLOYMENT_TARGET = 10.14;
				MTL_ENABLE_DEBUG_INFO = NO;
				MTL_FAST_MATH = YES;
				SDKROOT = macosx;
				SWIFT_COMPILATION_MODE = wholemodule;
				SWIFT_OPTIMIZATION_LEVEL = "-O";
			};
			name = Release;
		};
		495351A023BE176500E26398 /* Debug */ = {
			isa = XCBuildConfiguration;
			buildSettings = {
				ASSETCATALOG_COMPILER_APPICON_NAME = AppIcon;
				CODE_SIGN_ENTITLEMENTS = macAura/macAura.entitlements;
				CODE_SIGN_STYLE = Automatic;
				COMBINE_HIDPI_IMAGES = YES;
				INFOPLIST_FILE = macAura/Info.plist;
				LD_RUNPATH_SEARCH_PATHS = (
					"$(inherited)",
					"@executable_path/../Frameworks",
				);
				MACOSX_DEPLOYMENT_TARGET = 10.10;
				PRODUCT_BUNDLE_IDENTIFIER = serdeliuc.macAura;
				PRODUCT_NAME = "$(TARGET_NAME)";
				SWIFT_VERSION = 4.2;
			};
			name = Debug;
		};
		495351A123BE176500E26398 /* Release */ = {
			isa = XCBuildConfiguration;
			buildSettings = {
				ASSETCATALOG_COMPILER_APPICON_NAME = AppIcon;
				CODE_SIGN_ENTITLEMENTS = macAura/macAura.entitlements;
				CODE_SIGN_STYLE = Automatic;
				COMBINE_HIDPI_IMAGES = YES;
				INFOPLIST_FILE = macAura/Info.plist;
				LD_RUNPATH_SEARCH_PATHS = (
					"$(inherited)",
					"@executable_path/../Frameworks",
				);
				MACOSX_DEPLOYMENT_TARGET = 10.10;
				PRODUCT_BUNDLE_IDENTIFIER = serdeliuc.macAura;
				PRODUCT_NAME = "$(TARGET_NAME)";
				SWIFT_VERSION = 4.2;
			};
			name = Release;
		};
/* End XCBuildConfiguration section */

/* Begin XCConfigurationList section */
		4953518A23BE176400E26398 /* Build configuration list for PBXProject "macAura" */ = {
			isa = XCConfigurationList;
			buildConfigurations = (
				4953519D23BE176500E26398 /* Debug */,
				4953519E23BE176500E26398 /* Release */,
			);
			defaultConfigurationIsVisible = 0;
			defaultConfigurationName = Release;
		};
		4953519F23BE176500E26398 /* Build configuration list for PBXNativeTarget "macAura" */ = {
			isa = XCConfigurationList;
			buildConfigurations = (
				495351A023BE176500E26398 /* Debug */,
				495351A123BE176500E26398 /* Release */,
			);
			defaultConfigurationIsVisible = 0;
			defaultConfigurationName = Release;
		};
/* End XCConfigurationList section */
	};
	rootObject = 4953518723BE176400E26398 /* Project object */;
}
